
Microsoft Visual Studio Solution File, Format Version 12.00
# Visual Studio Version 17
VisualStudioVersion = 17.10.35013.160
MinimumVisualStudioVersion = 10.0.40219.1
Project("{8BC9CEB8-8B4A-11D0-8D11-00A0C91BC942}") = "game-project", "game-project\game-project.vcxproj", "{2099F569-4F74-4593-A695-5AEA9C98CAD3}"
EndProject
Global
	GlobalSection(SolutionConfigurationPlatforms) = preSolution
		Debug|x64 = Debug|x64
		Debug|x86 = Debug|x86
		Release|x64 = Release|x64
		Release|x86 = Release|x86
	EndGlobalSection
	GlobalSection(ProjectConfigurationPlatforms) = postSolution
		{2099F569-4F74-4593-A695-5AEA9C98CAD3}.Debug|x64.ActiveCfg = Debug|x64
		{2099F569-4F74-4593-A695-5AEA9C98CAD3}.Debug|x64.Build.0 = Debug|x64
		{2099F569-4F74-4593-A695-5AEA9C98CAD3}.Debug|x86.ActiveCfg = Debug|Win32
		{2099F569-4F74-4593-A695-5AEA9C98CAD3}.Debug|x86.Build.0 = Debug|Win32
		{2099F569-4F74-4593-A695-5AEA9C98CAD3}.Release|x64.ActiveCfg = Release|x64
		{2099F569-4F74-4593-A695-5AEA9C98CAD3}.Release|x64.Build.0 = Release|x64
		{2099F569-4F74-4593-A695-5AEA9C98CAD3}.Release|x86.ActiveCfg = Release|Win32
		{2099F569-4F74-4593-A695-5AEA9C98CAD3}.Release|x86.Build.0 = Release|Win32
	EndGlobalSection
	GlobalSection(SolutionProperties) = preSolution
		HideSolutionNode = FALSE
	EndGlobalSection
	GlobalSection(ExtensibilityGlobals) = postSolution
		SolutionGuid = {494B9EA5-A62C-474F-9BB3-CC0B757071A2}
	EndGlobalSection
EndGlobal
